Microsoft Visual Studio Solution File, Format Version 12.00
# Visual Studio Version 16
VisualStudioVersion = 16.0.28922.388
MinimumVisualStudioVersion = 10.0.40219.1
Project("{2150E333-8FDC-42A3-9474-1A3956D46DE8}") = "samples", "samples", "{B218290B-7F6A-4727-B34B-740EDA309399}"
	ProjectSection(SolutionItems) = preProject
		samples\Directory.Build.props = samples\Directory.Build.props
		samples\nuget.config = samples\nuget.config
	EndProjectSection
EndProject
Project("{2150E333-8FDC-42A3-9474-1A3956D46DE8}") = "src", "src", "{22DFB173-8802-4C66-9345-6E1D60EBB028}"
EndProject
Project("{9A19103F-16F7-4668-BE54-9A1E7A4F7556}") = "HelloWorld", "samples\HelloWorld\HelloWorld.csproj", "{C15774E0-8B2E-4FB5-B01B-0C5F455A32FF}"
EndProject
Project("{9A19103F-16F7-4668-BE54-9A1E7A4F7556}") = "GLFWDotNet", "src\GLFWDotNet\GLFWDotNet.csproj", "{9E603FC7-C711-4EC4-A93B-CB2F551B7E06}"
EndProject
Project("{9A19103F-16F7-4668-BE54-9A1E7A4F7556}") = "Generator", "src\Generator\Generator.csproj", "{3880B67E-7BC8-4E7E-9160-A7EC1C6496DD}"
EndProject
Project("{9A19103F-16F7-4668-BE54-9A1E7A4F7556}") = "GLFWInfo", "samples\GLFWInfo\GLFWInfo.csproj", "{EB1A5771-058A-4088-A8CA-603C6D2BFF2A}"
EndProject
Project("{2150E333-8FDC-42A3-9474-1A3956D46DE8}") = "tests", "tests", "{CEF9D625-503A-43A9-BABC-A4D63DDF4928}"
EndProject
Project("{9A19103F-16F7-4668-BE54-9A1E7A4F7556}") = "GLFWDotNet.Tests", "tests\GLFWDotNet.Tests\GLFWDotNet.Tests.csproj", "{A4EBCC09-2417-465A-BA54-2FF459174708}"
EndProject
Project("{2150E333-8FDC-42A3-9474-1A3956D46DE8}") = "GLFWDotNet", "GLFWDotNet", "{C28993C0-709C-4220-AFF3-AD35C38ECAD4}"
	ProjectSection(SolutionItems) = preProject
		.gitignore = .gitignore
		Directory.Build.props = Directory.Build.props
		License.txt = License.txt
		Readme.md = Readme.md
	EndProjectSection
EndProject
Project("{2150E333-8FDC-42A3-9474-1A3956D46DE8}") = "build", "build", "{C0CFDAF6-F0D7-413D-9CEA-1817629EF240}"
	ProjectSection(SolutionItems) = preProject
		build\Build.proj = build\Build.proj
		build\CopyDependencies.targets = build\CopyDependencies.targets
		build\GitVersion.targets = build\GitVersion.targets
		build\Project.props = build\Project.props
	EndProjectSection
EndProject
Global
	GlobalSection(SolutionConfigurationPlatforms) = preSolution
		Debug|Any CPU = Debug|Any CPU
		Debug|x64 = Debug|x64
		Debug|x86 = Debug|x86
		Release|Any CPU = Release|Any CPU
		Release|x64 = Release|x64
		Release|x86 = Release|x86
	EndGlobalSection
	GlobalSection(ProjectConfigurationPlatforms) = postSolution
		{C15774E0-8B2E-4FB5-B01B-0C5F455A32FF}.Debug|Any CPU.ActiveCfg = Debug|Any CPU
		{C15774E0-8B2E-4FB5-B01B-0C5F455A32FF}.Debug|Any CPU.Build.0 = Debug|Any CPU
		{C15774E0-8B2E-4FB5-B01B-0C5F455A32FF}.Debug|x64.ActiveCfg = Debug|Any CPU
		{C15774E0-8B2E-4FB5-B01B-0C5F455A32FF}.Debug|x64.Build.0 = Debug|Any CPU
		{C15774E0-8B2E-4FB5-B01B-0C5F455A32FF}.Debug|x86.ActiveCfg = Debug|Any CPU
		{C15774E0-8B2E-4FB5-B01B-0C5F455A32FF}.Debug|x86.Build.0 = Debug|Any CPU
		{C15774E0-8B2E-4FB5-B01B-0C5F455A32FF}.Release|Any CPU.ActiveCfg = Release|Any CPU
		{C15774E0-8B2E-4FB5-B01B-0C5F455A32FF}.Release|Any CPU.Build.0 = Release|Any CPU
		{C15774E0-8B2E-4FB5-B01B-0C5F455A32FF}.Release|x64.ActiveCfg = Release|Any CPU
		{C15774E0-8B2E-4FB5-B01B-0C5F455A32FF}.Release|x64.Build.0 = Release|Any CPU
		{C15774E0-8B2E-4FB5-B01B-0C5F455A32FF}.Release|x86.ActiveCfg = Release|Any CPU
		{C15774E0-8B2E-4FB5-B01B-0C5F455A32FF}.Release|x86.Build.0 = Release|Any CPU
		{9E603FC7-C711-4EC4-A93B-CB2F551B7E06}.Debug|Any CPU.ActiveCfg = Debug|Any CPU
		{9E603FC7-C711-4EC4-A93B-CB2F551B7E06}.Debug|Any CPU.Build.0 = Debug|Any CPU
		{9E603FC7-C711-4EC4-A93B-CB2F551B7E06}.Debug|x64.ActiveCfg = Debug|Any CPU
		{9E603FC7-C711-4EC4-A93B-CB2F551B7E06}.Debug|x64.Build.0 = Debug|Any CPU
		{9E603FC7-C711-4EC4-A93B-CB2F551B7E06}.Debug|x86.ActiveCfg = Debug|Any CPU
		{9E603FC7-C711-4EC4-A93B-CB2F551B7E06}.Debug|x86.Build.0 = Debug|Any CPU
		{9E603FC7-C711-4EC4-A93B-CB2F551B7E06}.Release|Any CPU.ActiveCfg = Release|Any CPU
		{9E603FC7-C711-4EC4-A93B-CB2F551B7E06}.Release|Any CPU.Build.0 = Release|Any CPU
		{9E603FC7-C711-4EC4-A93B-CB2F551B7E06}.Release|x64.ActiveCfg = Release|Any CPU
		{9E603FC7-C711-4EC4-A93B-CB2F551B7E06}.Release|x64.Build.0 = Release|Any CPU
		{9E603FC7-C711-4EC4-A93B-CB2F551B7E06}.Release|x86.ActiveCfg = Release|Any CPU
		{9E603FC7-C711-4EC4-A93B-CB2F551B7E06}.Release|x86.Build.0 = Release|Any CPU
		{3880B67E-7BC8-4E7E-9160-A7EC1C6496DD}.Debug|Any CPU.ActiveCfg = Debug|Any CPU
		{3880B67E-7BC8-4E7E-9160-A7EC1C6496DD}.Debug|Any CPU.Build.0 = Debug|Any CPU
		{3880B67E-7BC8-4E7E-9160-A7EC1C6496DD}.Debug|x64.ActiveCfg = Debug|Any CPU
		{3880B67E-7BC8-4E7E-9160-A7EC1C6496DD}.Debug|x64.Build.0 = Debug|Any CPU
		{3880B67E-7BC8-4E7E-9160-A7EC1C6496DD}.Debug|x86.ActiveCfg = Debug|Any CPU
		{3880B67E-7BC8-4E7E-9160-A7EC1C6496DD}.Debug|x86.Build.0 = Debug|Any CPU
		{3880B67E-7BC8-4E7E-9160-A7EC1C6496DD}.Release|Any CPU.ActiveCfg = Release|Any CPU
		{3880B67E-7BC8-4E7E-9160-A7EC1C6496DD}.Release|Any CPU.Build.0 = Release|Any CPU
		{3880B67E-7BC8-4E7E-9160-A7EC1C6496DD}.Release|x64.ActiveCfg = Release|Any CPU
		{3880B67E-7BC8-4E7E-9160-A7EC1C6496DD}.Release|x64.Build.0 = Release|Any CPU
		{3880B67E-7BC8-4E7E-9160-A7EC1C6496DD}.Release|x86.ActiveCfg = Release|Any CPU
		{3880B67E-7BC8-4E7E-9160-A7EC1C6496DD}.Release|x86.Build.0 = Release|Any CPU
		{EB1A5771-058A-4088-A8CA-603C6D2BFF2A}.Debug|Any CPU.ActiveCfg = Debug|Any CPU
		{EB1A5771-058A-4088-A8CA-603C6D2BFF2A}.Debug|Any CPU.Build.0 = Debug|Any CPU
		{EB1A5771-058A-4088-A8CA-603C6D2BFF2A}.Debug|x64.ActiveCfg = Debug|Any CPU
		{EB1A5771-058A-4088-A8CA-603C6D2BFF2A}.Debug|x64.Build.0 = Debug|Any CPU
		{EB1A5771-058A-4088-A8CA-603C6D2BFF2A}.Debug|x86.ActiveCfg = Debug|Any CPU
		{EB1A5771-058A-4088-A8CA-603C6D2BFF2A}.Debug|x86.Build.0 = Debug|Any CPU
		{EB1A5771-058A-4088-A8CA-603C6D2BFF2A}.Release|Any CPU.ActiveCfg = Release|Any CPU
		{EB1A5771-058A-4088-A8CA-603C6D2BFF2A}.Release|Any CPU.Build.0 = Release|Any CPU
		{EB1A5771-058A-4088-A8CA-603C6D2BFF2A}.Release|x64.ActiveCfg = Release|Any CPU
		{EB1A5771-058A-4088-A8CA-603C6D2BFF2A}.Release|x64.Build.0 = Release|Any CPU
		{EB1A5771-058A-4088-A8CA-603C6D2BFF2A}.Release|x86.ActiveCfg = Release|Any CPU
		{EB1A5771-058A-4088-A8CA-603C6D2BFF2A}.Release|x86.Build.0 = Release|Any CPU
		{A4EBCC09-2417-465A-BA54-2FF459174708}.Debug|Any CPU.ActiveCfg = Debug|Any CPU
		{A4EBCC09-2417-465A-BA54-2FF459174708}.Debug|Any CPU.Build.0 = Debug|Any CPU
		{A4EBCC09-2417-465A-BA54-2FF459174708}.Debug|x64.ActiveCfg = Debug|Any CPU
		{A4EBCC09-2417-465A-BA54-2FF459174708}.Debug|x64.Build.0 = Debug|Any CPU
		{A4EBCC09-2417-465A-BA54-2FF459174708}.Debug|x86.ActiveCfg = Debug|Any CPU
		{A4EBCC09-2417-465A-BA54-2FF459174708}.Debug|x86.Build.0 = Debug|Any CPU
		{A4EBCC09-2417-465A-BA54-2FF459174708}.Release|Any CPU.ActiveCfg = Release|Any CPU
		{A4EBCC09-2417-465A-BA54-2FF459174708}.Release|Any CPU.Build.0 = Release|Any CPU
		{A4EBCC09-2417-465A-BA54-2FF459174708}.Release|x64.ActiveCfg = Release|Any CPU
		{A4EBCC09-2417-465A-BA54-2FF459174708}.Release|x64.Build.0 = Release|Any CPU
		{A4EBCC09-2417-465A-BA54-2FF459174708}.Release|x86.ActiveCfg = Release|Any CPU
		{A4EBCC09-2417-465A-BA54-2FF459174708}.Release|x86.Build.0 = Release|Any CPU
	EndGlobalSection
	GlobalSection(SolutionProperties) = preSolution
		HideSolutionNode = FALSE
	EndGlobalSection
	GlobalSection(NestedProjects) = preSolution
		{B218290B-7F6A-4727-B34B-740EDA309399} = {C28993C0-709C-4220-AFF3-AD35C38ECAD4}
		{22DFB173-8802-4C66-9345-6E1D60EBB028} = {C28993C0-709C-4220-AFF3-AD35C38ECAD4}
		{C15774E0-8B2E-4FB5-B01B-0C5F455A32FF} = {B218290B-7F6A-4727-B34B-740EDA309399}
		{9E603FC7-C711-4EC4-A93B-CB2F551B7E06} = {22DFB173-8802-4C66-9345-6E1D60EBB028}
		{3880B67E-7BC8-4E7E-9160-A7EC1C6496DD} = {22DFB173-8802-4C66-9345-6E1D60EBB028}
		{EB1A5771-058A-4088-A8CA-603C6D2BFF2A} = {B218290B-7F6A-4727-B34B-740EDA309399}
		{CEF9D625-503A-43A9-BABC-A4D63DDF4928} = {C28993C0-709C-4220-AFF3-AD35C38ECAD4}
		{A4EBCC09-2417-465A-BA54-2FF459174708} = {CEF9D625-503A-43A9-BABC-A4D63DDF4928}
		{C0CFDAF6-F0D7-413D-9CEA-1817629EF240} = {C28993C0-709C-4220-AFF3-AD35C38ECAD4}
	EndGlobalSection
	GlobalSection(ExtensibilityGlobals) = postSolution
		SolutionGuid = {B3C34CCB-5F40-4FD8-AC75-722778A911E0}
	EndGlobalSection
EndGlobal
