
Microsoft Visual Studio Solution File, Format Version 12.00
# Visual Studio 15
VisualStudioVersion = 15.0.26730.3
MinimumVisualStudioVersion = 10.0.40219.1
Project("{2150E333-8FDC-42A3-9474-1A3956D46DE8}") = "Samples", "Samples", "{B218290B-7F6A-4727-B34B-740EDA309399}"
EndProject
Project("{2150E333-8FDC-42A3-9474-1A3956D46DE8}") = "Tools", "Tools", "{5E54689F-14CF-4C7D-802B-6E8516B225B2}"
EndProject
Project("{2150E333-8FDC-42A3-9474-1A3956D46DE8}") = "Library", "Library", "{22DFB173-8802-4C66-9345-6E1D60EBB028}"
EndProject
Project("{9A19103F-16F7-4668-BE54-9A1E7A4F7556}") = "GLFWDotNet", "Library\GLFWDotNet\GLFWDotNet.csproj", "{B6942098-C1DB-41E9-8201-9135545BBA1E}"
EndProject
Project("{FAE04EC0-301F-11D3-BF4B-00C04F79EFBC}") = "HelloWorld", "Samples\HelloWorld\HelloWorld.csproj", "{C15774E0-8B2E-4FB5-B01B-0C5F455A32FF}"
EndProject
Project("{2150E333-8FDC-42A3-9474-1A3956D46DE8}") = "Common", "Common", "{4F32B7F4-0767-4E3F-BAEC-9ECF0D0DF623}"
	ProjectSection(SolutionItems) = preProject
		Samples\Common\GLFWPlatformContext.cs = Samples\Common\GLFWPlatformContext.cs
		Samples\Common\Samples.targets = Samples\Common\Samples.targets
	EndProjectSection
EndProject
Project("{FAE04EC0-301F-11D3-BF4B-00C04F79EFBC}") = "Generator", "Tools\Generator\Generator.csproj", "{8DA2804A-F0FA-4B7B-96EE-A7006430900E}"
EndProject
Project("{FAE04EC0-301F-11D3-BF4B-00C04F79EFBC}") = "HelperClasses", "Samples\HelperClasses\HelperClasses.csproj", "{278C9D69-07E9-438A-90D9-A272A0230A87}"
EndProject
Project("{FAE04EC0-301F-11D3-BF4B-00C04F79EFBC}") = "SharpBgfxIntegration", "Samples\SharpBgfxIntegration\SharpBgfxIntegration.csproj", "{86206250-FE5C-4BFE-B6DD-DB7B8959FEA9}"
EndProject
Global
	GlobalSection(SolutionConfigurationPlatforms) = preSolution
		Debug|Any CPU = Debug|Any CPU
		Release|Any CPU = Release|Any CPU
	EndGlobalSection
	GlobalSection(ProjectConfigurationPlatforms) = postSolution
		{B6942098-C1DB-41E9-8201-9135545BBA1E}.Debug|Any CPU.ActiveCfg = Debug|Any CPU
		{B6942098-C1DB-41E9-8201-9135545BBA1E}.Debug|Any CPU.Build.0 = Debug|Any CPU
		{B6942098-C1DB-41E9-8201-9135545BBA1E}.Release|Any CPU.ActiveCfg = Release|Any CPU
		{B6942098-C1DB-41E9-8201-9135545BBA1E}.Release|Any CPU.Build.0 = Release|Any CPU
		{C15774E0-8B2E-4FB5-B01B-0C5F455A32FF}.Debug|Any CPU.ActiveCfg = Debug|Any CPU
		{C15774E0-8B2E-4FB5-B01B-0C5F455A32FF}.Debug|Any CPU.Build.0 = Debug|Any CPU
		{C15774E0-8B2E-4FB5-B01B-0C5F455A32FF}.Release|Any CPU.ActiveCfg = Release|Any CPU
		{C15774E0-8B2E-4FB5-B01B-0C5F455A32FF}.Release|Any CPU.Build.0 = Release|Any CPU
		{8DA2804A-F0FA-4B7B-96EE-A7006430900E}.Debug|Any CPU.ActiveCfg = Debug|Any CPU
		{8DA2804A-F0FA-4B7B-96EE-A7006430900E}.Debug|Any CPU.Build.0 = Debug|Any CPU
		{8DA2804A-F0FA-4B7B-96EE-A7006430900E}.Release|Any CPU.ActiveCfg = Release|Any CPU
		{8DA2804A-F0FA-4B7B-96EE-A7006430900E}.Release|Any CPU.Build.0 = Release|Any CPU
		{278C9D69-07E9-438A-90D9-A272A0230A87}.Debug|Any CPU.ActiveCfg = Debug|Any CPU
		{278C9D69-07E9-438A-90D9-A272A0230A87}.Debug|Any CPU.Build.0 = Debug|Any CPU
		{278C9D69-07E9-438A-90D9-A272A0230A87}.Release|Any CPU.ActiveCfg = Release|Any CPU
		{278C9D69-07E9-438A-90D9-A272A0230A87}.Release|Any CPU.Build.0 = Release|Any CPU
		{86206250-FE5C-4BFE-B6DD-DB7B8959FEA9}.Debug|Any CPU.ActiveCfg = Debug|Any CPU
		{86206250-FE5C-4BFE-B6DD-DB7B8959FEA9}.Debug|Any CPU.Build.0 = Debug|Any CPU
		{86206250-FE5C-4BFE-B6DD-DB7B8959FEA9}.Release|Any CPU.ActiveCfg = Release|Any CPU
		{86206250-FE5C-4BFE-B6DD-DB7B8959FEA9}.Release|Any CPU.Build.0 = Release|Any CPU
	EndGlobalSection
	GlobalSection(SolutionProperties) = preSolution
		HideSolutionNode = FALSE
	EndGlobalSection
	GlobalSection(NestedProjects) = preSolution
		{B6942098-C1DB-41E9-8201-9135545BBA1E} = {22DFB173-8802-4C66-9345-6E1D60EBB028}
		{C15774E0-8B2E-4FB5-B01B-0C5F455A32FF} = {B218290B-7F6A-4727-B34B-740EDA309399}
		{4F32B7F4-0767-4E3F-BAEC-9ECF0D0DF623} = {B218290B-7F6A-4727-B34B-740EDA309399}
		{8DA2804A-F0FA-4B7B-96EE-A7006430900E} = {5E54689F-14CF-4C7D-802B-6E8516B225B2}
		{278C9D69-07E9-438A-90D9-A272A0230A87} = {B218290B-7F6A-4727-B34B-740EDA309399}
		{86206250-FE5C-4BFE-B6DD-DB7B8959FEA9} = {B218290B-7F6A-4727-B34B-740EDA309399}
	EndGlobalSection
	GlobalSection(ExtensibilityGlobals) = postSolution
		SolutionGuid = {B3C34CCB-5F40-4FD8-AC75-722778A911E0}
	EndGlobalSection
EndGlobal
