
Microsoft Visual Studio Solution File, Format Version 12.00
# Visual Studio 15
VisualStudioVersion = 15.0.26403.7
MinimumVisualStudioVersion = 10.0.40219.1
Project("{FAE04EC0-301F-11D3-BF4B-00C04F79EFBC}") = "GLFWDotNet", "Library\GLFWDotNet\GLFWDotNet.csproj", "{8C3E0ECA-4716-4FEE-ADEA-B697E2151D40}"
EndProject
Project("{2150E333-8FDC-42A3-9474-1A3956D46DE8}") = "Samples", "Samples", "{B218290B-7F6A-4727-B34B-740EDA309399}"
EndProject
Project("{2150E333-8FDC-42A3-9474-1A3956D46DE8}") = "Tools", "Tools", "{5E54689F-14CF-4C7D-802B-6E8516B225B2}"
EndProject
Project("{FAE04EC0-301F-11D3-BF4B-00C04F79EFBC}") = "Generator", "Tools\Generator\Generator.csproj", "{602A49CA-FC13-4F9F-9DC4-ED9EA3CBEFA9}"
EndProject
Project("{FAE04EC0-301F-11D3-BF4B-00C04F79EFBC}") = "HelloWorld", "Samples\HelloWorld\HelloWorld.csproj", "{2903525E-C3E6-4AF8-9C16-38F03FC94E51}"
EndProject
Project("{2150E333-8FDC-42A3-9474-1A3956D46DE8}") = "Library", "Library", "{22DFB173-8802-4C66-9345-6E1D60EBB028}"
EndProject
Project("{FAE04EC0-301F-11D3-BF4B-00C04F79EFBC}") = "SharpBgfxIntegration", "Samples\SharpBgfxIntegration\SharpBgfxIntegration.csproj", "{4DE2E69F-80E2-45E2-BEFA-EB7EB250485A}"
EndProject
Global
	GlobalSection(SolutionConfigurationPlatforms) = preSolution
		Debug|Any CPU = Debug|Any CPU
		Release|Any CPU = Release|Any CPU
	EndGlobalSection
	GlobalSection(ProjectConfigurationPlatforms) = postSolution
		{8C3E0ECA-4716-4FEE-ADEA-B697E2151D40}.Debug|Any CPU.ActiveCfg = Debug|Any CPU
		{8C3E0ECA-4716-4FEE-ADEA-B697E2151D40}.Debug|Any CPU.Build.0 = Debug|Any CPU
		{8C3E0ECA-4716-4FEE-ADEA-B697E2151D40}.Release|Any CPU.ActiveCfg = Release|Any CPU
		{8C3E0ECA-4716-4FEE-ADEA-B697E2151D40}.Release|Any CPU.Build.0 = Release|Any CPU
		{602A49CA-FC13-4F9F-9DC4-ED9EA3CBEFA9}.Debug|Any CPU.ActiveCfg = Debug|Any CPU
		{602A49CA-FC13-4F9F-9DC4-ED9EA3CBEFA9}.Debug|Any CPU.Build.0 = Debug|Any CPU
		{602A49CA-FC13-4F9F-9DC4-ED9EA3CBEFA9}.Release|Any CPU.ActiveCfg = Release|Any CPU
		{602A49CA-FC13-4F9F-9DC4-ED9EA3CBEFA9}.Release|Any CPU.Build.0 = Release|Any CPU
		{2903525E-C3E6-4AF8-9C16-38F03FC94E51}.Debug|Any CPU.ActiveCfg = Debug|Any CPU
		{2903525E-C3E6-4AF8-9C16-38F03FC94E51}.Debug|Any CPU.Build.0 = Debug|Any CPU
		{2903525E-C3E6-4AF8-9C16-38F03FC94E51}.Release|Any CPU.ActiveCfg = Release|Any CPU
		{2903525E-C3E6-4AF8-9C16-38F03FC94E51}.Release|Any CPU.Build.0 = Release|Any CPU
		{4DE2E69F-80E2-45E2-BEFA-EB7EB250485A}.Debug|Any CPU.ActiveCfg = Debug|Any CPU
		{4DE2E69F-80E2-45E2-BEFA-EB7EB250485A}.Debug|Any CPU.Build.0 = Debug|Any CPU
		{4DE2E69F-80E2-45E2-BEFA-EB7EB250485A}.Release|Any CPU.ActiveCfg = Release|Any CPU
		{4DE2E69F-80E2-45E2-BEFA-EB7EB250485A}.Release|Any CPU.Build.0 = Release|Any CPU
	EndGlobalSection
	GlobalSection(SolutionProperties) = preSolution
		HideSolutionNode = FALSE
	EndGlobalSection
	GlobalSection(NestedProjects) = preSolution
		{8C3E0ECA-4716-4FEE-ADEA-B697E2151D40} = {22DFB173-8802-4C66-9345-6E1D60EBB028}
		{602A49CA-FC13-4F9F-9DC4-ED9EA3CBEFA9} = {5E54689F-14CF-4C7D-802B-6E8516B225B2}
		{2903525E-C3E6-4AF8-9C16-38F03FC94E51} = {B218290B-7F6A-4727-B34B-740EDA309399}
		{4DE2E69F-80E2-45E2-BEFA-EB7EB250485A} = {B218290B-7F6A-4727-B34B-740EDA309399}
	EndGlobalSection
EndGlobal
